github.com/arelate/southern_light v0.1.28 h1:aq56O1ixk3bfBY2kUlZ7PaEEPQrdm2fG78TmknuK7eQ=
github.com/arelate/southern_light v0.1.28/go.mod h1:5P7A0MoqwBKSWhss/U26ny5qSwXkWJ83+PAWYQlvAXY=
github.com/boggydigital/kvas v0.3.28 h1:BfWdJwzbqLMOHrqdCSSgB3nIHEX4xRkH/5fHyyeNrj4=
github.com/boggydigital/kvas v0.3.28/go.mod h1:I+wVKLxOqWhzw0X8nez/ec/GVXcQY5GUksFJBx+G7Yc=
github.com/boggydigital/match_node v0.1.9/go.mod h1:LmKtZy8YgBYC14BStAS4g17MglrLqqUF6dehrBX7Zwc=
github.com/boggydigital/match_node v0.1.14 h1:2CrpdCQeb8EX+E0wNadsbcLOSw/WvuHLgUZh35D9a58=
github.com/boggydigital/match_node v0.1.14/go.mod h1:LmKtZy8YgBYC14BStAS4g17MglrLqqUF6dehrBX7Zwc=
github.com/boggydigital/nod v0.1.20/go.mod h1:rghsJhj0wC5UL7qT8W3vSUc1MlE5IyheYjfAKIZ9kLQ=
github.com/boggydigital/nod v0.1.21 h1:pQbrgswCuU5dr3IWS1Z902PJAm5BebSLG+Q3aG7KJ+4=
github.com/boggydigital/nod v0.1.21/go.mod h1:bYucIZ3rLHBZKf/3+T+eTSxuijuja7Y6OgU2P6o2/vo=
github.com/boggydigital/wits v0.2.3 h1:Z0eB+QlIA18fJmblyV6ZJQ/swPYSFhOxfgMXOQz4/c8=
github.com/boggydigital/wits v0.2.3/go.mod h1:aR/z0vfMLtg0b4hcts0qiSTZcA51O8A2N3U9laqd2Lc=
github.com/boggydigital/yt_urls v0.1.19/go.mod h1:hIfQyToulrS54t3GAuOkF9age66NKh0gswVvVQndHcs=
github.com/boggydigital/yt_urls v0.1.25 h1:rVfxPAuUss5w5Y3LBNi+VW2dOlf5co31xQnkIPMUveA=
github.com/boggydigital/yt_urls v0.1.25/go.mod h1:SmZeJzMogVwcY5VyL7o1w0Xkf4adR2L0N1ywtFmoRcA=
golang.org/x/exp v0.0.0-20221208152030-732eee02a75a/go.mod h1:CxIveKay+FTh1D0yPZemJVgC/95VzuuOLq5Qi4xnoYc=
golang.org/x/exp v0.0.0-20230811145659-89c5cff77bcb h1:mIKbk8weKhSeLH2GmUTrvx8CjkyJmnU1wFmg59CUjFA=
golang.org/x/exp v0.0.0-20230811145659-89c5cff77bcb/go.mod h1:FXUEEKJgO7OQYeo8N01OfiKP8RXMtf6e8aTskBGqWdc=
golang.org/x/net v0.4.0/go.mod h1:MBQ8lrhLObU/6UmLb4fmbmk5OcyYmqtbGd/9yIeKjEE=
golang.org/x/net v0.14.0 h1:BONx9s002vGdD9umnlX1Po8vOZmrgH34qlHcD1MfK14=
golang.org/x/net v0.14.0/go.mod h1:PpSgVXXLK0OxS0F31C1/tv6XNguvCrnXIDrFMspZIUI=
