github.com/arelate/southern_light v0.1.36 h1:LArePEjBIUeXFDfs0w4wO9i9KwM7zQg1UzlqeSK2QqA=
github.com/arelate/southern_light v0.1.36/go.mod h1:IR7j2+TrHdoNfZrTNeXOvL3UYsotcNED3aOAEpm7VCY=
github.com/boggydigital/kvas v0.4.6 h1:2KHMUX3iK7uZz6oOpekCaKBakx/8SYbCav/8l0oJ6bk=
github.com/boggydigital/kvas v0.4.6/go.mod h1:oP9td1uUuG0cgNGle/iz2dbdAllJcyLBGgp0GJ7nZCg=
github.com/boggydigital/kvas v0.4.8 h1:I1yEQwpSnt5fgUoYFWzjEYQ+Ee8vIoBtLvo5q4sGLGE=
github.com/boggydigital/kvas v0.4.8/go.mod h1:oP9td1uUuG0cgNGle/iz2dbdAllJcyLBGgp0GJ7nZCg=
github.com/boggydigital/match_node v0.1.16 h1:oE7Hlehb1xuFnB3k7kfZPjaOV3c+j0g/O76+XVoib3E=
github.com/boggydigital/match_node v0.1.16/go.mod h1:dAlD1Ktt/eUSkGzvqoxDUDTmAKZO6V7aWH5toocaeU4=
github.com/boggydigital/nod v0.1.21 h1:pQbrgswCuU5dr3IWS1Z902PJAm5BebSLG+Q3aG7KJ+4=
github.com/boggydigital/nod v0.1.21/go.mod h1:bYucIZ3rLHBZKf/3+T+eTSxuijuja7Y6OgU2P6o2/vo=
github.com/boggydigital/pasu v0.1.12 h1:RoPaV+1n2Rjw110yEHJe2wR0xYdRfJ4fJOGtBkPCLZc=
github.com/boggydigital/pasu v0.1.12/go.mod h1:Czw+h2/3GgxhOdY7vRWVCYBZ84F7GdSTwQkqc//2w84=
github.com/boggydigital/testo v0.1.7 h1:Sa5GIAwCyQNeGGXi8XgVpIpLQqWVeqBKQRcv0gkL098=
github.com/boggydigital/testo v0.1.7/go.mod h1:CVNQs3FLWgCb74eHHCdn3E2leUvMFA3rEeU4StWbcOo=
github.com/boggydigital/wits v0.2.3 h1:Z0eB+QlIA18fJmblyV6ZJQ/swPYSFhOxfgMXOQz4/c8=
github.com/boggydigital/wits v0.2.3/go.mod h1:aR/z0vfMLtg0b4hcts0qiSTZcA51O8A2N3U9laqd2Lc=
github.com/boggydigital/yt_urls v0.1.40 h1:1bLmk8bdfE/W2VcljuHS1WRSrmQZbb+LKZptE1VYUnw=
github.com/boggydigital/yt_urls v0.1.40/go.mod h1:n6l37tlAOu/S1u3UDGGj0wpFLxq5PPtlAZQsrmpAcKM=
github.com/boggydigital/yt_urls v0.1.45 h1:FmOSh+sI1H9WmoodAqcBYivjohzJ/4jUB1rITU9TW6o=
github.com/boggydigital/yt_urls v0.1.45/go.mod h1:n6l37tlAOu/S1u3UDGGj0wpFLxq5PPtlAZQsrmpAcKM=
golang.org/x/exp v0.0.0-20240112132812-db7319d0e0e3 h1:hNQpMuAJe5CtcUqCXaWga3FHu+kQvCqcsoVaQgSV60o=
golang.org/x/exp v0.0.0-20240112132812-db7319d0e0e3/go.mod h1:idGWGoKP1toJGkd5/ig9ZLuPcZBC3ewk7SzmH0uou08=
golang.org/x/exp v0.0.0-20240222234643-814bf88cf225 h1:LfspQV/FYTatPTr/3HzIcmiUFH7PGP+OQ6mgDYo3yuQ=
golang.org/x/exp v0.0.0-20240222234643-814bf88cf225/go.mod h1:CxmFvTBINI24O/j8iY7H1xHzx2i4OsyguNBmN/uPtqc=
golang.org/x/net v0.20.0 h1:aCL9BSgETF1k+blQaYUBx9hJ9LOGP3gAVemcZlf1Kpo=
golang.org/x/net v0.20.0/go.mod h1:z8BVo6PvndSri0LbOE3hAn0apkU+1YvI6E70E9jsnvY=
golang.org/x/net v0.21.0 h1:AQyQV4dYCvJ7vGmJyKki9+PBdyvhkSd8EIx/qb0AYv4=
golang.org/x/net v0.21.0/go.mod h1:bIjVDfnllIU7BJ2DNgfnXvpSvtn8VRwhlsaeUTyUS44=
