github.com/arelate/southern_light v0.1.36 h1:LArePEjBIUeXFDfs0w4wO9i9KwM7zQg1UzlqeSK2QqA=
github.com/arelate/southern_light v0.1.36/go.mod h1:IR7j2+TrHdoNfZrTNeXOvL3UYsotcNED3aOAEpm7VCY=
github.com/arelate/southern_light v0.1.41 h1:ZJgqLGHVloQQN1kgaMO2Qx5VVy3TBQxqxoNxeAp1tOA=
github.com/arelate/southern_light v0.1.41/go.mod h1:IR7j2+TrHdoNfZrTNeXOvL3UYsotcNED3aOAEpm7VCY=
github.com/boggydigital/kvas v0.4.8 h1:I1yEQwpSnt5fgUoYFWzjEYQ+Ee8vIoBtLvo5q4sGLGE=
github.com/boggydigital/kvas v0.4.8/go.mod h1:oP9td1uUuG0cgNGle/iz2dbdAllJcyLBGgp0GJ7nZCg=
github.com/boggydigital/kvas v0.4.10 h1:qjLOjctCh+844p//mhQpL2M0z22lfuqXsrq/QTfovYY=
github.com/boggydigital/kvas v0.4.10/go.mod h1:3mUcunmNvjBehfcKwCaF7cgQUOu9Vc6Vy/ulLGKC4EE=
github.com/boggydigital/match_node v0.1.16 h1:oE7Hlehb1xuFnB3k7kfZPjaOV3c+j0g/O76+XVoib3E=
github.com/boggydigital/match_node v0.1.16/go.mod h1:dAlD1Ktt/eUSkGzvqoxDUDTmAKZO6V7aWH5toocaeU4=
github.com/boggydigital/nod v0.1.21 h1:pQbrgswCuU5dr3IWS1Z902PJAm5BebSLG+Q3aG7KJ+4=
github.com/boggydigital/nod v0.1.21/go.mod h1:bYucIZ3rLHBZKf/3+T+eTSxuijuja7Y6OgU2P6o2/vo=
github.com/boggydigital/pathways v0.1.14 h1:cJDL7WfwRM7T8FUJcXy28ReAE7AfeC3ZzDFqIUzGke4=
github.com/boggydigital/pathways v0.1.14/go.mod h1:3QniBtHEdGUQgQAnBIQnh0C1vu+bmpDCmsLe5XyruS8=
github.com/boggydigital/testo v0.1.7 h1:Sa5GIAwCyQNeGGXi8XgVpIpLQqWVeqBKQRcv0gkL098=
github.com/boggydigital/testo v0.1.7/go.mod h1:CVNQs3FLWgCb74eHHCdn3E2leUvMFA3rEeU4StWbcOo=
github.com/boggydigital/wits v0.2.3 h1:Z0eB+QlIA18fJmblyV6ZJQ/swPYSFhOxfgMXOQz4/c8=
github.com/boggydigital/wits v0.2.3/go.mod h1:aR/z0vfMLtg0b4hcts0qiSTZcA51O8A2N3U9laqd2Lc=
github.com/boggydigital/yt_urls v0.1.47 h1:LsW/F7lq87/k4YiMneZoEMBgdVg/gUXGODXFEUcJ7Q0=
github.com/boggydigital/yt_urls v0.1.47/go.mod h1:n6l37tlAOu/S1u3UDGGj0wpFLxq5PPtlAZQsrmpAcKM=
golang.org/x/exp v0.0.0-20240506185415-9bf2ced13842 h1:vr/HnozRka3pE4EsMEg1lgkXJkTFJCVUX+S/ZT6wYzM=
golang.org/x/exp v0.0.0-20240506185415-9bf2ced13842/go.mod h1:XtvwrStGgqGPLc4cjQfWqZHG1YFdYs6swckp8vpsjnc=
golang.org/x/exp v0.0.0-20240525044651-4c93da0ed11d h1:N0hmiNbwsSNwHBAvR3QB5w25pUwH4tK0Y/RltD1j1h4=
golang.org/x/exp v0.0.0-20240525044651-4c93da0ed11d/go.mod h1:XtvwrStGgqGPLc4cjQfWqZHG1YFdYs6swckp8vpsjnc=
golang.org/x/net v0.25.0 h1:d/OCCoBEUq33pjydKrGQhw7IlUPI2Oylr+8qLx49kac=
golang.org/x/net v0.25.0/go.mod h1:JkAGAh7GEvH74S6FOH42FLoXpXbE/aqXSrIQjXgsiwM=
